{
  "name": "metro-samples",
  "version": "unspecified",
  "lockfileVersion": 3,
  "requires": true,
  "packages": {
    "": {
      "name": "metro-samples",
      "version": "unspecified",
      "workspaces": [
        "packages/counterApp",
        "packages/counterApp-test",
        "packages/metro-samples-integration-tests",
        "packages/metro-samples-integration-tests-test",
        "packages_imported/skiko-wasm-js/0.9.4-2",
        "packages_imported/skiko-js-wasm-runtime/0.9.4-2",
        "packages_imported/Kotlin-DateTime-library-kotlinx-datetime-wasm-js/0.6.0",
        "packages_imported/metro-runtime/0.7.0-SNAPSHOT",
        "packages_imported/ktor-ktor-client-core-wasm-js/3.2.2"
      ],
      "devDependencies": {}
    },
    "node_modules/@js-joda/core": {
      "version": "3.2.0",
      "license": "BSD-3-Clause"
    },
    "node_modules/counterApp": {
      "resolved": "packages/counterApp",
      "link": true
    },
    "node_modules/counterApp-test": {
      "resolved": "packages/counterApp-test",
      "link": true
    },
    "node_modules/format-util": {
      "version": "1.0.5",
      "license": "MIT"
    },
    "node_modules/Kotlin-DateTime-library-kotlinx-datetime-wasm-js": {
      "resolved": "packages_imported/Kotlin-DateTime-library-kotlinx-datetime-wasm-js/0.6.0",
      "link": true
    },
    "node_modules/ktor-ktor-client-core-wasm-js": {
      "resolved": "packages_imported/ktor-ktor-client-core-wasm-js/3.2.2",
      "link": true
    },
    "node_modules/metro-runtime": {
      "resolved": "packages_imported/metro-runtime/0.7.0-SNAPSHOT",
      "link": true
    },
    "node_modules/metro-samples-integration-tests": {
      "resolved": "packages/metro-samples-integration-tests",
      "link": true
    },
    "node_modules/metro-samples-integration-tests-test": {
      "resolved": "packages/metro-samples-integration-tests-test",
      "link": true
    },
    "node_modules/skiko-js-wasm-runtime": {
      "resolved": "packages_imported/skiko-js-wasm-runtime/0.9.4-2",
      "link": true
    },
    "node_modules/skiko-wasm-js": {
      "resolved": "packages_imported/skiko-wasm-js/0.9.4-2",
      "link": true
    },
    "node_modules/ws": {
      "version": "8.18.0",
      "license": "MIT",
      "engines": {
        "node": ">=10.0.0"
      },
      "peerDependencies": {
        "bufferutil": "^4.0.1",
        "utf-8-validate": ">=5.0.2"
      },
      "peerDependenciesMeta": {
        "bufferutil": {
          "optional": true
        },
        "utf-8-validate": {
          "optional": true
        }
      }
    },
    "packages_imported/Kotlin-DateTime-library-kotlinx-datetime-wasm-js/0.6.0": {
      "name": "Kotlin-DateTime-library-kotlinx-datetime-wasm-js",
      "version": "0.6.0",
      "dependencies": {
        "@js-joda/core": "3.2.0",
        "format-util": "^1.0.5"
      },
      "devDependencies": {}
    },
    "packages_imported/ktor-ktor-client-core-wasm-js/3.2.2": {
      "name": "ktor-ktor-client-core-wasm-js",
      "version": "3.2.2",
      "dependencies": {
        "ws": "8.18.0"
      },
      "devDependencies": {}
    },
    "packages_imported/ktor-ktor-client-core-wasm-js/3.2.3": {
      "name": "ktor-ktor-client-core-wasm-js",
      "version": "3.2.3",
      "extraneous": true,
      "dependencies": {
        "ws": "8.18.0"
      },
      "devDependencies": {}
    },
    "packages_imported/metro-runtime/0.5.4": {
      "name": "metro-runtime",
      "version": "0.5.4",
      "extraneous": true,
      "devDependencies": {}
    },
    "packages_imported/metro-runtime/0.6.0": {
      "name": "metro-runtime",
      "version": "0.6.0",
      "extraneous": true,
      "devDependencies": {}
    },
    "packages_imported/metro-runtime/0.6.0-SNAPSHOT": {
      "name": "metro-runtime",
      "version": "0.6.0-SNAPSHOT",
      "extraneous": true,
      "devDependencies": {}
    },
    "packages_imported/metro-runtime/0.6.1": {
      "name": "metro-runtime",
      "version": "0.6.1",
      "extraneous": true,
      "devDependencies": {}
    },
    "packages_imported/metro-runtime/0.6.2": {
      "name": "metro-runtime",
      "version": "0.6.2",
      "extraneous": true,
      "devDependencies": {}
    },
    "packages_imported/metro-runtime/0.6.3": {
      "name": "metro-runtime",
      "version": "0.6.3",
      "extraneous": true,
      "devDependencies": {}
    },
    "packages_imported/metro-runtime/0.6.4": {
      "name": "metro-runtime",
      "version": "0.6.4",
      "extraneous": true,
      "devDependencies": {}
    },
    "packages_imported/metro-runtime/0.6.5": {
      "name": "metro-runtime",
      "version": "0.6.5",
      "extraneous": true,
      "devDependencies": {}
    },
    "packages_imported/metro-runtime/0.7.0-2.2.20-RC-alpha05": {
      "name": "metro-runtime",
      "version": "0.7.0-2.2.20-RC-alpha05",
      "extraneous": true,
      "devDependencies": {}
    },
    "packages_imported/metro-runtime/0.7.0-SNAPSHOT": {
      "name": "metro-runtime",
      "version": "0.7.0-SNAPSHOT",
      "devDependencies": {}
    },
    "packages_imported/skiko-js-wasm-runtime/0.9.4-2": {
      "name": "skiko-js-wasm-runtime",
      "version": "0.9.4-2",
      "devDependencies": {}
    },
    "packages_imported/skiko-wasm-js/0.9.4-2": {
      "name": "skiko-wasm-js",
      "version": "0.9.4-2",
      "devDependencies": {}
    },
    "packages/counterApp": {
      "version": "0.0.0-unspecified",
      "dependencies": {
        "@js-joda/core": "3.2.0",
        "format-util": "^1.0.5"
      },
      "devDependencies": {}
    },
    "packages/counterApp-test": {
      "version": "0.0.0-unspecified",
      "dependencies": {
        "@js-joda/core": "3.2.0",
        "format-util": "^1.0.5"
      },
      "devDependencies": {}
    },
    "packages/metro-samples-integration-tests": {
      "version": "0.0.0-unspecified",
      "devDependencies": {}
    },
    "packages/metro-samples-integration-tests-test": {
      "version": "0.0.0-unspecified",
      "dependencies": {
        "ws": "8.18.0"
      },
      "devDependencies": {}
    }
  }
}
