{
  "name": "metro",
  "version": "unspecified",
  "lockfileVersion": 3,
  "requires": true,
  "packages": {
    "": {
      "name": "metro",
      "version": "unspecified",
      "workspaces": [
        "packages/metro-runtime",
        "packages/metro-runtime-test"
      ],
      "devDependencies": {}
    },
    "node_modules/metro-runtime": {
      "resolved": "packages/metro-runtime",
      "link": true
    },
    "node_modules/metro-runtime-test": {
      "resolved": "packages/metro-runtime-test",
      "link": true
    },
    "packages/metro-runtime": {
      "version": "0.7.0-SNAPSHOT",
      "devDependencies": {}
    },
    "packages/metro-runtime-test": {
      "version": "0.7.0-SNAPSHOT",
      "devDependencies": {}
    }
  }
}
